// !$*UTF8*$!
{
	archiveVersion = 1;
	classes = {
	};
	objectVersion = 48;
	objects = {

/* Begin PBXBuildFile section */
		2BF8292520B76D5300B07E47 /* AppDelegate.swift in Sources */ = {isa = PBXBuildFile; fileRef = 2BF8292420B76D5300B07E47 /* AppDelegate.swift */; };
		2BF8292720B76D5300B07E47 /* ViewController.swift in Sources */ = {isa = PBXBuildFile; fileRef = 2BF8292620B76D5300B07E47 /* ViewController.swift */; };
		2BF8292A20B76D5300B07E47 /* Main.storyboard in Resources */ = {isa = PBXBuildFile; fileRef = 2BF8292820B76D5300B07E47 /* Main.storyboard */; };
		2BF8292D20B76D5300B07E47 /* Auditorias5s.xcdatamodeld in Sources */ = {isa = PBXBuildFile; fileRef = 2BF8292B20B76D5300B07E47 /* Auditorias5s.xcdatamodeld */; };
		2BF8292F20B76D5300B07E47 /* Assets.xcassets in Resources */ = {isa = PBXBuildFile; fileRef = 2BF8292E20B76D5300B07E47 /* Assets.xcassets */; };
		2BF8293220B76D5300B07E47 /* LaunchScreen.storyboard in Resources */ = {isa = PBXBuildFile; fileRef = 2BF8293020B76D5300B07E47 /* LaunchScreen.storyboard */; };
/* End PBXBuildFile section */

/* Begin PBXFileReference section */
		2BF8292120B76D5300B07E47 /* Auditorias5s.app */ = {isa = PBXFileReference; explicitFileType = wrapper.application; includeInIndex = 0; path = Auditorias5s.app; sourceTree = BUILT_PRODUCTS_DIR; };
		2BF8292420B76D5300B07E47 /* AppDelegate.swift */ = {isa = PBXFileReference; lastKnownFileType = sourcecode.swift; path = AppDelegate.swift; sourceTree = "<group>"; };
		2BF8292620B76D5300B07E47 /* ViewController.swift */ = {isa = PBXFileReference; lastKnownFileType = sourcecode.swift; path = ViewController.swift; sourceTree = "<group>"; };
		2BF8292920B76D5300B07E47 /* Base */ = {isa = PBXFileReference; lastKnownFileType = file.storyboard; name = Base; path = Base.lproj/Main.storyboard; sourceTree = "<group>"; };
		2BF8292C20B76D5300B07E47 /* Auditorias5s.xcdatamodel */ = {isa = PBXFileReference; lastKnownFileType = wrapper.xcdatamodel; path = Auditorias5s.xcdatamodel; sourceTree = "<group>"; };
		2BF8292E20B76D5300B07E47 /* Assets.xcassets */ = {isa = PBXFileReference; lastKnownFileType = folder.assetcatalog; path = Assets.xcassets; sourceTree = "<group>"; };
		2BF8293120B76D5300B07E47 /* Base */ = {isa = PBXFileReference; lastKnownFileType = file.storyboard; name = Base; path = Base.lproj/LaunchScreen.storyboard; sourceTree = "<group>"; };
		2BF8293320B76D5300B07E47 /* Info.plist */ = {isa = PBXFileReference; lastKnownFileType = text.plist.xml; path = Info.plist; sourceTree = "<group>"; };
/* End PBXFileReference section */

/* Begin PBXFrameworksBuildPhase section */
		2BF8291E20B76D5300B07E47 /* Frameworks */ = {
			isa = PBXFrameworksBuildPhase;
			buildActionMask = 2147483647;
			files = (
			);
			runOnlyForDeploymentPostprocessing = 0;
		};
/* End PBXFrameworksBuildPhase section */

/* Begin PBXGroup section */
		2BF8291820B76D5300B07E47 = {
			isa = PBXGroup;
			children = (
				2BF8292320B76D5300B07E47 /* Auditorias5s */,
				2BF8292220B76D5300B07E47 /* Products */,
			);
			sourceTree = "<group>";
		};
		2BF8292220B76D5300B07E47 /* Products */ = {
			isa = PBXGroup;
			children = (
				2BF8292120B76D5300B07E47 /* Auditorias5s.app */,
			);
			name = Products;
			sourceTree = "<group>";
		};
		2BF8292320B76D5300B07E47 /* Auditorias5s */ = {
			isa = PBXGroup;
			children = (
				2BF8292420B76D5300B07E47 /* AppDelegate.swift */,
				2BF8292620B76D5300B07E47 /* ViewController.swift */,
				2BF8292820B76D5300B07E47 /* Main.storyboard */,
				2BF8292E20B76D5300B07E47 /* Assets.xcassets */,
				2BF8293020B76D5300B07E47 /* LaunchScreen.storyboard */,
				2BF8293320B76D5300B07E47 /* Info.plist */,
				2BF8292B20B76D5300B07E47 /* Auditorias5s.xcdatamodeld */,
			);
			path = Auditorias5s;
			sourceTree = "<group>";
		};
/* End PBXGroup section */

/* Begin PBXNativeTarget section */
		2BF8292020B76D5300B07E47 /* Auditorias5s */ = {
			isa = PBXNativeTarget;
			buildConfigurationList = 2BF8293620B76D5300B07E47 /* Build configuration list for PBXNativeTarget "Auditorias5s" */;
			buildPhases = (
				2BF8291D20B76D5300B07E47 /* Sources */,
				2BF8291E20B76D5300B07E47 /* Frameworks */,
				2BF8291F20B76D5300B07E47 /* Resources */,
			);
			buildRules = (
			);
			dependencies = (
			);
			name = Auditorias5s;
			productName = Auditorias5s;
			productReference = 2BF8292120B76D5300B07E47 /* Auditorias5s.app */;
			productType = "com.apple.product-type.application";
		};
/* End PBXNativeTarget section */

/* Begin PBXProject section */
		2BF8291920B76D5300B07E47 /* Project object */ = {
			isa = PBXProject;
			attributes = {
				LastSwiftUpdateCheck = 0920;
				LastUpgradeCheck = 0920;
				ORGANIZATIONNAME = SpotlightOBP;
				TargetAttributes = {
					2BF8292020B76D5300B07E47 = {
						CreatedOnToolsVersion = 9.2;
						ProvisioningStyle = Automatic;
					};
				};
			};
			buildConfigurationList = 2BF8291C20B76D5300B07E47 /* Build configuration list for PBXProject "Auditorias5s" */;
			compatibilityVersion = "Xcode 8.0";
			developmentRegion = en;
			hasScannedForEncodings = 0;
			knownRegions = (
				en,
				Base,
			);
			mainGroup = 2BF8291820B76D5300B07E47;
			productRefGroup = 2BF8292220B76D5300B07E47 /* Products */;
			projectDirPath = "";
			projectRoot = "";
			targets = (
				2BF8292020B76D5300B07E47 /* Auditorias5s */,
			);
		};
/* End PBXProject section */

/* Begin PBXResourcesBuildPhase section */
		2BF8291F20B76D5300B07E47 /* Resources */ = {
			isa = PBXResourcesBuildPhase;
			buildActionMask = 2147483647;
			files = (
				2BF8293220B76D5300B07E47 /* LaunchScreen.storyboard in Resources */,
				2BF8292F20B76D5300B07E47 /* Assets.xcassets in Resources */,
				2BF8292A20B76D5300B07E47 /* Main.storyboard in Resources */,
			);
			runOnlyForDeploymentPostprocessing = 0;
		};
/* End PBXResourcesBuildPhase section */

/* Begin PBXSourcesBuildPhase section */
		2BF8291D20B76D5300B07E47 /* Sources */ = {
			isa = PBXSourcesBuildPhase;
			buildActionMask = 2147483647;
			files = (
				2BF8292720B76D5300B07E47 /* ViewController.swift in Sources */,
				2BF8292520B76D5300B07E47 /* AppDelegate.swift in Sources */,
				2BF8292D20B76D5300B07E47 /* Auditorias5s.xcdatamodeld in Sources */,
			);
			runOnlyForDeploymentPostprocessing = 0;
		};
/* End PBXSourcesBuildPhase section */

/* Begin PBXVariantGroup section */
		2BF8292820B76D5300B07E47 /* Main.storyboard */ = {
			isa = PBXVariantGroup;
			children = (
				2BF8292920B76D5300B07E47 /* Base */,
			);
			name = Main.storyboard;
			sourceTree = "<group>";
		};
		2BF8293020B76D5300B07E47 /* LaunchScreen.storyboard */ = {
			isa = PBXVariantGroup;
			children = (
				2BF8293120B76D5300B07E47 /* Base */,
			);
			name = LaunchScreen.storyboard;
			sourceTree = "<group>";
		};
/* End PBXVariantGroup section */

/* Begin XCBuildConfiguration section */
		2BF8293420B76D5300B07E47 /* Debug */ = {
			isa = XCBuildConfiguration;
			buildSettings = {
				ALWAYS_SEARCH_USER_PATHS = NO;
				CLANG_ANALYZER_NONNULL = YES;
				CLANG_ANALYZER_NUMBER_OBJECT_CONVERSION = YES_AGGRESSIVE;
				CLANG_CXX_LANGUAGE_STANDARD = "gnu++14";
				CLANG_CXX_LIBRARY = "libc++";
				CLANG_ENABLE_MODULES = YES;
				CLANG_ENABLE_OBJC_ARC = YES;
				CLANG_WARN_BLOCK_CAPTURE_AUTORELEASING = YES;
				CLANG_WARN_BOOL_CONVERSION = YES;
				CLANG_WARN_COMMA = YES;
				CLANG_WARN_CONSTANT_CONVERSION = YES;
				CLANG_WARN_DIRECT_OBJC_ISA_USAGE = YES_ERROR;
				CLANG_WARN_DOCUMENTATION_COMMENTS = YES;
				CLANG_WARN_EMPTY_BODY = YES;
				CLANG_WARN_ENUM_CONVERSION = YES;
				CLANG_WARN_INFINITE_RECURSION = YES;
				CLANG_WARN_INT_CONVERSION = YES;
				CLANG_WARN_NON_LITERAL_NULL_CONVERSION = YES;
				CLANG_WARN_OBJC_LITERAL_CONVERSION = YES;
				CLANG_WARN_OBJC_ROOT_CLASS = YES_ERROR;
				CLANG_WARN_RANGE_LOOP_ANALYSIS = YES;
				CLANG_WARN_STRICT_PROTOTYPES = YES;
				CLANG_WARN_SUSPICIOUS_MOVE = YES;
				CLANG_WARN_UNGUARDED_AVAILABILITY = YES_AGGRESSIVE;
				CLANG_WARN_UNREACHABLE_CODE = YES;
				CLANG_WARN__DUPLICATE_METHOD_MATCH = YES;
				CODE_SIGN_IDENTITY = "iPhone Developer";
				COPY_PHASE_STRIP = NO;
				DEBUG_INFORMATION_FORMAT = dwarf;
				ENABLE_STRICT_OBJC_MSGSEND = YES;
				ENABLE_TESTABILITY = YES;
				GCC_C_LANGUAGE_STANDARD = gnu11;
				GCC_DYNAMIC_NO_PIC = NO;
				GCC_NO_COMMON_BLOCKS = YES;
				GCC_OPTIMIZATION_LEVEL = 0;
				GCC_PREPROCESSOR_DEFINITIONS = (
					"DEBUG=1",
					"$(inherited)",
				);
				GCC_WARN_64_TO_32_BIT_CONVERSION = YES;
				GCC_WARN_ABOUT_RETURN_TYPE = YES_ERROR;
				GCC_WARN_UNDECLARED_SELECTOR = YES;
				GCC_WARN_UNINITIALIZED_AUTOS = YES_AGGRESSIVE;
				GCC_WARN_UNUSED_FUNCTION = YES;
				GCC_WARN_UNUSED_VARIABLE = YES;
				IPHONEOS_DEPLOYMENT_TARGET = 11.2;
				MTL_ENABLE_DEBUG_INFO = YES;
				ONLY_ACTIVE_ARCH = YES;
				SDKROOT = iphoneos;
				SWIFT_ACTIVE_COMPILATION_CONDITIONS = DEBUG;
				SWIFT_OPTIMIZATION_LEVEL = "-Onone";
			};
			name = Debug;
		};
		2BF8293520B76D5300B07E47 /* Release */ = {
			isa = XCBuildConfiguration;
			buildSettings = {
				ALWAYS_SEARCH_USER_PATHS = NO;
				CLANG_ANALYZER_NONNULL = YES;
				CLANG_ANALYZER_NUMBER_OBJECT_CONVERSION = YES_AGGRESSIVE;
				CLANG_CXX_LANGUAGE_STANDARD = "gnu++14";
				CLANG_CXX_LIBRARY = "libc++";
				CLANG_ENABLE_MODULES = YES;
				CLANG_ENABLE_OBJC_ARC = YES;
				CLANG_WARN_BLOCK_CAPTURE_AUTORELEASING = YES;
				CLANG_WARN_BOOL_CONVERSION = YES;
				CLANG_WARN_COMMA = YES;
				CLANG_WARN_CONSTANT_CONVERSION = YES;
				CLANG_WARN_DIRECT_OBJC_ISA_USAGE = YES_ERROR;
				CLANG_WARN_DOCUMENTATION_COMMENTS = YES;
				CLANG_WARN_EMPTY_BODY = YES;
				CLANG_WARN_ENUM_CONVERSION = YES;
				CLANG_WARN_INFINITE_RECURSION = YES;
				CLANG_WARN_INT_CONVERSION = YES;
				CLANG_WARN_NON_LITERAL_NULL_CONVERSION = YES;
				CLANG_WARN_OBJC_LITERAL_CONVERSION = YES;
				CLANG_WARN_OBJC_ROOT_CLASS = YES_ERROR;
				CLANG_WARN_RANGE_LOOP_ANALYSIS = YES;
				CLANG_WARN_STRICT_PROTOTYPES = YES;
				CLANG_WARN_SUSPICIOUS_MOVE = YES;
				CLANG_WARN_UNGUARDED_AVAILABILITY = YES_AGGRESSIVE;
				CLANG_WARN_UNREACHABLE_CODE = YES;
				CLANG_WARN__DUPLICATE_METHOD_MATCH = YES;
				CODE_SIGN_IDENTITY = "iPhone Developer";
				COPY_PHASE_STRIP = NO;
				DEBUG_INFORMATION_FORMAT = "dwarf-with-dsym";
				ENABLE_NS_ASSERTIONS = NO;
				ENABLE_STRICT_OBJC_MSGSEND = YES;
				GCC_C_LANGUAGE_STANDARD = gnu11;
				GCC_NO_COMMON_BLOCKS = YES;
				GCC_WARN_64_TO_32_BIT_CONVERSION = YES;
				GCC_WARN_ABOUT_RETURN_TYPE = YES_ERROR;
				GCC_WARN_UNDECLARED_SELECTOR = YES;
				GCC_WARN_UNINITIALIZED_AUTOS = YES_AGGRESSIVE;
				GCC_WARN_UNUSED_FUNCTION = YES;
				GCC_WARN_UNUSED_VARIABLE = YES;
				IPHONEOS_DEPLOYMENT_TARGET = 11.2;
				MTL_ENABLE_DEBUG_INFO = NO;
				SDKROOT = iphoneos;
				SWIFT_OPTIMIZATION_LEVEL = "-Owholemodule";
				VALIDATE_PRODUCT = YES;
			};
			name = Release;
		};
		2BF8293720B76D5300B07E47 /* Debug */ = {
			isa = XCBuildConfiguration;
			buildSettings = {
				ASSETCATALOG_COMPILER_APPICON_NAME = AppIcon;
				CODE_SIGN_STYLE = Automatic;
				INFOPLIST_FILE = Auditorias5s/Info.plist;
				LD_RUNPATH_SEARCH_PATHS = "$(inherited) @executable_path/Frameworks";
				PRODUCT_BUNDLE_IDENTIFIER = "-342342.Auditorias5s";
				PRODUCT_NAME = "$(TARGET_NAME)";
				SWIFT_VERSION = 4.0;
				TARGETED_DEVICE_FAMILY = "1,2";
			};
			name = Debug;
		};
		2BF8293820B76D5300B07E47 /* Release */ = {
			isa = XCBuildConfiguration;
			buildSettings = {
				ASSETCATALOG_COMPILER_APPICON_NAME = AppIcon;
				CODE_SIGN_STYLE = Automatic;
				INFOPLIST_FILE = Auditorias5s/Info.plist;
				LD_RUNPATH_SEARCH_PATHS = "$(inherited) @executable_path/Frameworks";
				PRODUCT_BUNDLE_IDENTIFIER = "-342342.Auditorias5s";
				PRODUCT_NAME = "$(TARGET_NAME)";
				SWIFT_VERSION = 4.0;
				TARGETED_DEVICE_FAMILY = "1,2";
			};
			name = Release;
		};
/* End XCBuildConfiguration section */

/* Begin XCConfigurationList section */
		2BF8291C20B76D5300B07E47 /* Build configuration list for PBXProject "Auditorias5s" */ = {
			isa = XCConfigurationList;
			buildConfigurations = (
				2BF8293420B76D5300B07E47 /* Debug */,
				2BF8293520B76D5300B07E47 /* Release */,
			);
			defaultConfigurationIsVisible = 0;
			defaultConfigurationName = Release;
		};
		2BF8293620B76D5300B07E47 /* Build configuration list for PBXNativeTarget "Auditorias5s" */ = {
			isa = XCConfigurationList;
			buildConfigurations = (
				2BF8293720B76D5300B07E47 /* Debug */,
				2BF8293820B76D5300B07E47 /* Release */,
			);
			defaultConfigurationIsVisible = 0;
			defaultConfigurationName = Release;
		};
/* End XCConfigurationList section */

/* Begin XCVersionGroup section */
		2BF8292B20B76D5300B07E47 /* Auditorias5s.xcdatamodeld */ = {
			isa = XCVersionGroup;
			children = (
				2BF8292C20B76D5300B07E47 /* Auditorias5s.xcdatamodel */,
			);
			currentVersion = 2BF8292C20B76D5300B07E47 /* Auditorias5s.xcdatamodel */;
			path = Auditorias5s.xcdatamodeld;
			sourceTree = "<group>";
			versionGroupType = wrapper.xcdatamodel;
		};
/* End XCVersionGroup section */
	};
	rootObject = 2BF8291920B76D5300B07E47 /* Project object */;
}
